
Microsoft Visual Studio Solution File, Format Version 12.00
# Visual Studio Version 17
VisualStudioVersion = 17.3.32929.385
MinimumVisualStudioVersion = 10.0.40219.1
Project("{FAE04EC0-301F-11D3-BF4B-00C04F79EFBC}") = "ProjectAdo.NET", "ProjectAdo.NET\ProjectAdo.NET.csproj", "{95BE0D0D-BC0B-4BCC-9F81-5A4D9D8C52F4}"
EndProject
Global
	GlobalSection(SolutionConfigurationPlatforms) = preSolution
		Debug|Any CPU = Debug|Any CPU
		Release|Any CPU = Release|Any CPU
	EndGlobalSection
	GlobalSection(ProjectConfigurationPlatforms) = postSolution
		{95BE0D0D-BC0B-4BCC-9F81-5A4D9D8C52F4}.Debug|Any CPU.ActiveCfg = Debug|Any CPU
		{95BE0D0D-BC0B-4BCC-9F81-5A4D9D8C52F4}.Debug|Any CPU.Build.0 = Debug|Any CPU
		{95BE0D0D-BC0B-4BCC-9F81-5A4D9D8C52F4}.Release|Any CPU.ActiveCfg = Release|Any CPU
		{95BE0D0D-BC0B-4BCC-9F81-5A4D9D8C52F4}.Release|Any CPU.Build.0 = Release|Any CPU
	EndGlobalSection
	GlobalSection(SolutionProperties) = preSolution
		HideSolutionNode = FALSE
	EndGlobalSection
	GlobalSection(ExtensibilityGlobals) = postSolution
		SolutionGuid = {ED576AAF-C317-4E74-AF92-88C0FD2E5A6F}
	EndGlobalSection
EndGlobal
